
Microsoft Visual Studio Solution File, Format Version 12.00
# Visual Studio Version 17
VisualStudioVersion = 17.10.35013.160
MinimumVisualStudioVersion = 10.0.40219.1
Project("{FAE04EC0-301F-11D3-BF4B-00C04F79EFBC}") = "LoginDemo", "LoginDemo\LoginDemo.csproj", "{3583C8AB-DCE6-4964-8349-F2F28BA0CD9A}"
EndProject
Global
	GlobalSection(SolutionConfigurationPlatforms) = preSolution
		Debug|Any CPU = Debug|Any CPU
		Release|Any CPU = Release|Any CPU
	EndGlobalSection
	GlobalSection(ProjectConfigurationPlatforms) = postSolution
		{3583C8AB-DCE6-4964-8349-F2F28BA0CD9A}.Debug|Any CPU.ActiveCfg = Debug|Any CPU
		{3583C8AB-DCE6-4964-8349-F2F28BA0CD9A}.Debug|Any CPU.Build.0 = Debug|Any CPU
		{3583C8AB-DCE6-4964-8349-F2F28BA0CD9A}.Release|Any CPU.ActiveCfg = Release|Any CPU
		{3583C8AB-DCE6-4964-8349-F2F28BA0CD9A}.Release|Any CPU.Build.0 = Release|Any CPU
	EndGlobalSection
	GlobalSection(SolutionProperties) = preSolution
		HideSolutionNode = FALSE
	EndGlobalSection
	GlobalSection(ExtensibilityGlobals) = postSolution
		SolutionGuid = {26F35A1B-EA45-44BB-BD11-A4AD634372FB}
	EndGlobalSection
EndGlobal
